
Microsoft Visual Studio Solution File, Format Version 12.00
# Visual Studio Version 17
VisualStudioVersion = 17.8.34322.80
MinimumVisualStudioVersion = 10.0.40219.1
Project("{9A19103F-16F7-4668-BE54-9A1E7A4F7556}") = "StableDiffusion.NET", "StableDiffusion.NET\StableDiffusion.NET.csproj", "{ED9336F9-7C5F-47DD-A120-272F4835E95F}"
EndProject
Project("{2150E333-8FDC-42A3-9474-1A3956D46DE8}") = "Examples", "Examples", "{8961F5D8-3F50-4027-8862-635FCA1E1568}"
EndProject
Project("{FAE04EC0-301F-11D3-BF4B-00C04F79EFBC}") = "ImageCreationUI", "ImageCreationUI\ImageCreationUI.csproj", "{EB73E250-D2F7-469A-80BF-02C5078546A7}"
EndProject
Global
	GlobalSection(SolutionConfigurationPlatforms) = preSolution
		Debug|Any CPU = Debug|Any CPU
		Release|Any CPU = Release|Any CPU
	EndGlobalSection
	GlobalSection(ProjectConfigurationPlatforms) = postSolution
		{ED9336F9-7C5F-47DD-A120-272F4835E95F}.Debug|Any CPU.ActiveCfg = Debug|Any CPU
		{ED9336F9-7C5F-47DD-A120-272F4835E95F}.Debug|Any CPU.Build.0 = Debug|Any CPU
		{ED9336F9-7C5F-47DD-A120-272F4835E95F}.Release|Any CPU.ActiveCfg = Release|Any CPU
		{ED9336F9-7C5F-47DD-A120-272F4835E95F}.Release|Any CPU.Build.0 = Release|Any CPU
		{EB73E250-D2F7-469A-80BF-02C5078546A7}.Debug|Any CPU.ActiveCfg = Debug|Any CPU
		{EB73E250-D2F7-469A-80BF-02C5078546A7}.Debug|Any CPU.Build.0 = Debug|Any CPU
		{EB73E250-D2F7-469A-80BF-02C5078546A7}.Release|Any CPU.ActiveCfg = Release|Any CPU
		{EB73E250-D2F7-469A-80BF-02C5078546A7}.Release|Any CPU.Build.0 = Release|Any CPU
	EndGlobalSection
	GlobalSection(SolutionProperties) = preSolution
		HideSolutionNode = FALSE
	EndGlobalSection
	GlobalSection(NestedProjects) = preSolution
		{EB73E250-D2F7-469A-80BF-02C5078546A7} = {8961F5D8-3F50-4027-8862-635FCA1E1568}
	EndGlobalSection
	GlobalSection(ExtensibilityGlobals) = postSolution
		SolutionGuid = {8DD53974-8766-4659-97B6-4AEDF4323F65}
	EndGlobalSection
EndGlobal
